
Microsoft Visual Studio Solution File, Format Version 12.00
# Visual Studio Version 17
VisualStudioVersion = 17.4.33403.182
MinimumVisualStudioVersion = 10.0.40219.1
Project("{9A19103F-16F7-4668-BE54-9A1E7A4F7556}") = "ChatGPTProofOfConcept", "ChatGPTProofOfConcept\ChatGPTProofOfConcept.csproj", "{BB4E33F6-2B7F-46EA-9CA3-D4EE046F5C03}"
EndProject
Global
	GlobalSection(SolutionConfigurationPlatforms) = preSolution
		Debug|Any CPU = Debug|Any CPU
		Release|Any CPU = Release|Any CPU
	EndGlobalSection
	GlobalSection(ProjectConfigurationPlatforms) = postSolution
		{BB4E33F6-2B7F-46EA-9CA3-D4EE046F5C03}.Debug|Any CPU.ActiveCfg = Debug|Any CPU
		{BB4E33F6-2B7F-46EA-9CA3-D4EE046F5C03}.Debug|Any CPU.Build.0 = Debug|Any CPU
		{BB4E33F6-2B7F-46EA-9CA3-D4EE046F5C03}.Release|Any CPU.ActiveCfg = Release|Any CPU
		{BB4E33F6-2B7F-46EA-9CA3-D4EE046F5C03}.Release|Any CPU.Build.0 = Release|Any CPU
	EndGlobalSection
	GlobalSection(SolutionProperties) = preSolution
		HideSolutionNode = FALSE
	EndGlobalSection
	GlobalSection(ExtensibilityGlobals) = postSolution
		SolutionGuid = {6F71D5FD-07E0-4F59-B050-295AFF80C7AD}
	EndGlobalSection
EndGlobal
